
Microsoft Visual Studio Solution File, Format Version 12.00
# Visual Studio Version 16
VisualStudioVersion = 16.0.30907.101
MinimumVisualStudioVersion = 10.0.40219.1
Project("{FAE04EC0-301F-11D3-BF4B-00C04F79EFBC}") = "MethodsDemo", "MethodsDemo\MethodsDemo.csproj", "{B842AC21-527F-4DDE-ACAD-D8EA0C3D492C}"
EndProject
Global
	GlobalSection(SolutionConfigurationPlatforms) = preSolution
		Debug|Any CPU = Debug|Any CPU
		Release|Any CPU = Release|Any CPU
	EndGlobalSection
	GlobalSection(ProjectConfigurationPlatforms) = postSolution
		{B842AC21-527F-4DDE-ACAD-D8EA0C3D492C}.Debug|Any CPU.ActiveCfg = Debug|Any CPU
		{B842AC21-527F-4DDE-ACAD-D8EA0C3D492C}.Debug|Any CPU.Build.0 = Debug|Any CPU
		{B842AC21-527F-4DDE-ACAD-D8EA0C3D492C}.Release|Any CPU.ActiveCfg = Release|Any CPU
		{B842AC21-527F-4DDE-ACAD-D8EA0C3D492C}.Release|Any CPU.Build.0 = Release|Any CPU
	EndGlobalSection
	GlobalSection(SolutionProperties) = preSolution
		HideSolutionNode = FALSE
	EndGlobalSection
	GlobalSection(ExtensibilityGlobals) = postSolution
		SolutionGuid = {4714DF06-C90B-4CFC-BCF0-47792EB807CB}
	EndGlobalSection
EndGlobal
